// !$*UTF8*$!
{
	archiveVersion = 1;
	classes = {
	};
	objectVersion = 46;
	objects = {
/* Begin PBXBuildFile section */
		0207DA581B56EA530066E2B4 /* Images.xcassets in Resources */ = {isa = PBXBuildFile; fileRef = 0207DA571B56EA530066E2B4 /* Images.xcassets */; };
		1D3623260D0F684500981E51 /* AppDelegate.m in Sources */ = {isa = PBXBuildFile; fileRef = 1D3623250D0F684500981E51 /* AppDelegate.m */; };
		1D60589B0D05DD56006BFB54 /* main.m in Sources */ = {isa = PBXBuildFile; fileRef = 29B97316FDCFA39411CA2CEA /* main.m */; };
		301BF552109A68D80062928A /* libCordova.a in Frameworks */ = {isa = PBXBuildFile; fileRef = 301BF535109A57CC0062928A /* libCordova.a */; };
		302D95F114D2391D003F00A1 /* MainViewController.m in Sources */ = {isa = PBXBuildFile; fileRef = 302D95EF14D2391D003F00A1 /* MainViewController.m */; };
		302D95F214D2391D003F00A1 /* MainViewController.xib in Resources */ = {isa = PBXBuildFile; fileRef = 302D95F014D2391D003F00A1 /* MainViewController.xib */; };
		3047A5121AB8059700498E2A /* build-debug.xcconfig in Resources */ = {isa = PBXBuildFile; fileRef = 3047A50F1AB8059700498E2A /* build-debug.xcconfig */; };
		3047A5131AB8059700498E2A /* build-release.xcconfig in Resources */ = {isa = PBXBuildFile; fileRef = 3047A5101AB8059700498E2A /* build-release.xcconfig */; };
		3047A5141AB8059700498E2A /* build.xcconfig in Resources */ = {isa = PBXBuildFile; fileRef = 3047A5111AB8059700498E2A /* build.xcconfig */; };
		6AFF5BF91D6E424B00AB3073 /* CDVLaunchScreen.storyboard in Resources */ = {isa = PBXBuildFile; fileRef = 6AFF5BF81D6E424B00AB3073 /* CDVLaunchScreen.storyboard */; };
		12FC43281E914EADA34DF81A /* CDVBattery.m in Sources */ = {isa = PBXBuildFile; fileRef = 6425015BA7E04B8F8EEECA78 /* CDVBattery.m */; };
		40B9BB55605F426CA3D236F2 /* UIImage+CropScaleOrientation.m in Sources */ = {isa = PBXBuildFile; fileRef = 791C5FB64D46449FA450C3C2 /* UIImage+CropScaleOrientation.m */; };
		5BB3AAF7EEFD4D59AB183212 /* CDVCamera.m in Sources */ = {isa = PBXBuildFile; fileRef = CC7B53565C4B4D26AF2C0221 /* CDVCamera.m */; };
		F8D8299DBF2740A6A320A94C /* CDVJpegHeaderWriter.m in Sources */ = {isa = PBXBuildFile; fileRef = 1B580A9C74834CCF8B211CB3 /* CDVJpegHeaderWriter.m */; };
		BB0DD7E355A243EABA64F028 /* ImageIO.framework in Frameworks */ = {isa = PBXBuildFile; fileRef = 15B4AF877C7F469BB0D4C13A /* ImageIO.framework */; settings = {ATTRIBUTES = (Weak, ); }; };
		23879F3133524E89BE966130 /* CoreLocation.framework in Frameworks */ = {isa = PBXBuildFile; fileRef = B802D64FD7A146849D7A0324 /* CoreLocation.framework */; };
		4040EB01D80C40538C181D2B /* AVFoundation.framework in Frameworks */ = {isa = PBXBuildFile; fileRef = F06047BAB41E4A949669F3D2 /* AVFoundation.framework */; };
		93E126BC84DD474995B7F489 /* CDVLogger.m in Sources */ = {isa = PBXBuildFile; fileRef = 0B7A157EE40A4D6EBDDA5A3D /* CDVLogger.m */; };
		22EBB73FD9DA4846BF5AAAE2 /* CDVContacts.m in Sources */ = {isa = PBXBuildFile; fileRef = 00F6079E00FA4854B4863F1C /* CDVContacts.m */; };
		490D741924924B52B019FDCF /* CDVContact.m in Sources */ = {isa = PBXBuildFile; fileRef = 2D3ED45B825249758E465830 /* CDVContact.m */; };
		210C7459A61645019DBB9B4A /* AddressBook.framework in Frameworks */ = {isa = PBXBuildFile; fileRef = 4F97C0A0B1884770AC9EADC9 /* AddressBook.framework */; settings = {ATTRIBUTES = (Weak, ); }; };
		01AAF43A27B1440192AF7D45 /* AddressBookUI.framework in Frameworks */ = {isa = PBXBuildFile; fileRef = 8EDA3ADFA3E2426FBBCFD543 /* AddressBookUI.framework */; settings = {ATTRIBUTES = (Weak, ); }; };
		869C39086B1349919AD0B1BC /* CDVDevice.m in Sources */ = {isa = PBXBuildFile; fileRef = E6DFD11818BA4B4282C35827 /* CDVDevice.m */; };
		A426D4D700F5447CB7D28269 /* libz.tbd in Frameworks */ = {isa = PBXBuildFile; fileRef = 73AD41DC510241CFA8244BA6 /* libz.tbd */; };
		B3DB1BF1BDC44C71B8367A23 /* CDVAccelerometer.m in Sources */ = {isa = PBXBuildFile; fileRef = 814FD0097BB74686B34C1C2F /* CDVAccelerometer.m */; };
		2AC560B78B7245E89EB3C8AE /* CoreMotion.framework in Frameworks */ = {isa = PBXBuildFile; fileRef = 3B1ADE16636E46B08F3CC19F /* CoreMotion.framework */; };
		7F9E0BCD821643168708F7A1 /* CDVCompass.m in Sources */ = {isa = PBXBuildFile; fileRef = 32D3C669156447698FDE0C21 /* CDVCompass.m */; };
		2701ABADECF34223BE9CF28C /* CDVNotification.m in Sources */ = {isa = PBXBuildFile; fileRef = 3B6BA3B1716748A2B3D02C8C /* CDVNotification.m */; };
		8801E390100443709071F3DF /* CDVNotification.bundle in Resources */ = {isa = PBXBuildFile; fileRef = FB3DBD5A3DC5451882C3DF34 /* CDVNotification.bundle */; };
		19839D27A4BF4171969EC33A /* AudioToolbox.framework in Frameworks */ = {isa = PBXBuildFile; fileRef = 240E89A6CBE946BCAA051918 /* AudioToolbox.framework */; settings = {ATTRIBUTES = (Weak, ); }; };
		EEB23445C50446EC8EFE210A /* CDVFile.m in Sources */ = {isa = PBXBuildFile; fileRef = 3DF76E0062A340DA9E1EB1EF /* CDVFile.m */; };
		E3B8ED53A70F490B9C163542 /* CDVLocalFilesystem.m in Sources */ = {isa = PBXBuildFile; fileRef = BEE3212335A84238A7B97FA3 /* CDVLocalFilesystem.m */; };
		406BE7E1ED564509B02E637E /* CDVAssetLibraryFilesystem.m in Sources */ = {isa = PBXBuildFile; fileRef = 0B97302D7F234C468BDCB98B /* CDVAssetLibraryFilesystem.m */; };
		6130AF7ECFFF48169548BAB0 /* CDVFileTransfer.m in Sources */ = {isa = PBXBuildFile; fileRef = D8CE9928613949F5A6AF56B9 /* CDVFileTransfer.m */; };
		80B684751C6B4D82A616A273 /* CDVLocation.m in Sources */ = {isa = PBXBuildFile; fileRef = 531A8CACB81B43C595234C16 /* CDVLocation.m */; };
		FE1640B55F204B9D97E302C0 /* CDVGlobalization.m in Sources */ = {isa = PBXBuildFile; fileRef = 3D8A9E5C5AF8438A8BFF3FBA /* CDVGlobalization.m */; };
		D6BAA751A8E94E6EBECA8B72 /* CDVInAppBrowser.m in Sources */ = {isa = PBXBuildFile; fileRef = DE45FA0FF2CF40989D747913 /* CDVInAppBrowser.m */; };
		ABF54F7F72C04D05A17F7B7F /* CDVSound.m in Sources */ = {isa = PBXBuildFile; fileRef = B6DAA6677D2B436F99C501B4 /* CDVSound.m */; };
		8A2C734300664D5395CA567E /* CDVCapture.m in Sources */ = {isa = PBXBuildFile; fileRef = 6BE1DD23313349979257D314 /* CDVCapture.m */; };
		89BC30FBFC6D4241A0CB61F7 /* CDVCapture.bundle in Resources */ = {isa = PBXBuildFile; fileRef = 47D5E7B7D959485782670726 /* CDVCapture.bundle */; };
		3ECC458FAB4A461DAC29959D /* CDVConnection.m in Sources */ = {isa = PBXBuildFile; fileRef = 94EFB22E902B4ACF9371F9B8 /* CDVConnection.m */; };
		335A20FA6BDF4CDFA9813D3E /* CDVReachability.m in Sources */ = {isa = PBXBuildFile; fileRef = 80796DA57C124EFA99046BD9 /* CDVReachability.m */; };
		7AAF7CE5D4EF479E98A68C63 /* SystemConfiguration.framework in Frameworks */ = {isa = PBXBuildFile; fileRef = CA12BE9AE4D6465ABD00CC47 /* SystemConfiguration.framework */; settings = {ATTRIBUTES = (Weak, ); }; };
		8EC7CF07B5074632926BAA1D /* CoreTelephony.framework in Frameworks */ = {isa = PBXBuildFile; fileRef = C247506629CB48A5821D08A8 /* CoreTelephony.framework */; };
		BAFDA82AA2C14610977389EF /* CDVSplashScreen.m in Sources */ = {isa = PBXBuildFile; fileRef = CE3EF9B6F0BA488CAEE06287 /* CDVSplashScreen.m */; };
		C20D65F17FB045949898C2F0 /* CDVViewController+SplashScreen.m in Sources */ = {isa = PBXBuildFile; fileRef = 74331A4AAA6146CDB32EDE67 /* CDVViewController+SplashScreen.m */; };
		8401D6DCB0CB411F89514266 /* CDVStatusBar.m in Sources */ = {isa = PBXBuildFile; fileRef = 8A18EB5040434EB98EEB3DEC /* CDVStatusBar.m */; };
		9FAE3DE2B3514C32BECEC89B /* CDVVibration.m in Sources */ = {isa = PBXBuildFile; fileRef = 66053388310F446581EE4789 /* CDVVibration.m */; };
/* End PBXBuildFile section */

/* Begin PBXContainerItemProxy section */
		301BF534109A57CC0062928A /* PBXContainerItemProxy */ = {
			isa = PBXContainerItemProxy;
			containerPortal = 301BF52D109A57CC0062928A /* CordovaLib.xcodeproj */;
			proxyType = 2;
			remoteGlobalIDString = D2AAC07E0554694100DB518D;
			remoteInfo = CordovaLib;
		};
		301BF550109A68C00062928A /* PBXContainerItemProxy */ = {
			isa = PBXContainerItemProxy;
			containerPortal = 301BF52D109A57CC0062928A /* CordovaLib.xcodeproj */;
			proxyType = 1;
			remoteGlobalIDString = D2AAC07D0554694100DB518D;
			remoteInfo = CordovaLib;
		};
/* End PBXContainerItemProxy section */

/* Begin PBXFileReference section */
		0207DA571B56EA530066E2B4 /* Images.xcassets */ = {isa = PBXFileReference; lastKnownFileType = folder.assetcatalog; name = Images.xcassets; path = "PMWeb By Ultimate/Images.xcassets"; sourceTree = SOURCE_ROOT; };
		1D3623240D0F684500981E51 /* AppDelegate.h */ = {isa = PBXFileReference; fileEncoding = 4; lastKnownFileType = sourcecode.c.h; path = AppDelegate.h; sourceTree = "<group>"; };
		1D3623250D0F684500981E51 /* AppDelegate.m */ = {isa = PBXFileReference; fileEncoding = 4; lastKnownFileType = sourcecode.c.objc; path = AppDelegate.m; sourceTree = "<group>"; };
		1D6058910D05DD3D006BFB54 /* PMWeb By Ultimate.app */ = {isa = PBXFileReference; explicitFileType = wrapper.application; includeInIndex = 0; path = "PMWeb By Ultimate.app"; sourceTree = BUILT_PRODUCTS_DIR; };
		29B97316FDCFA39411CA2CEA /* main.m */ = {isa = PBXFileReference; fileEncoding = 4; lastKnownFileType = sourcecode.c.objc; path = main.m; sourceTree = "<group>"; };
		301BF52D109A57CC0062928A /* CordovaLib.xcodeproj */ = {isa = PBXFileReference; lastKnownFileType = "wrapper.pb-project"; name = CordovaLib.xcodeproj; path = CordovaLib/CordovaLib.xcodeproj; sourceTree = "<group>"; };
		301BF56E109A69640062928A /* www */ = {isa = PBXFileReference; lastKnownFileType = folder; path = www; sourceTree = SOURCE_ROOT; };
		302D95EE14D2391D003F00A1 /* MainViewController.h */ = {isa = PBXFileReference; fileEncoding = 4; lastKnownFileType = sourcecode.c.h; path = MainViewController.h; sourceTree = "<group>"; };
		302D95EF14D2391D003F00A1 /* MainViewController.m */ = {isa = PBXFileReference; fileEncoding = 4; lastKnownFileType = sourcecode.c.objc; path = MainViewController.m; sourceTree = "<group>"; };
		302D95F014D2391D003F00A1 /* MainViewController.xib */ = {isa = PBXFileReference; fileEncoding = 4; lastKnownFileType = file.xib; path = MainViewController.xib; sourceTree = "<group>"; };
		3047A50F1AB8059700498E2A /* build-debug.xcconfig */ = {isa = PBXFileReference; fileEncoding = 4; lastKnownFileType = text.xcconfig; name = "build-debug.xcconfig"; path = cordova/build-debug.xcconfig; sourceTree = SOURCE_ROOT; };
		3047A5101AB8059700498E2A /* build-release.xcconfig */ = {isa = PBXFileReference; fileEncoding = 4; lastKnownFileType = text.xcconfig; name = "build-release.xcconfig"; path = cordova/build-release.xcconfig; sourceTree = SOURCE_ROOT; };
		3047A5111AB8059700498E2A /* build.xcconfig */ = {isa = PBXFileReference; fileEncoding = 4; lastKnownFileType = text.xcconfig; name = build.xcconfig; path = cordova/build.xcconfig; sourceTree = SOURCE_ROOT; };
		32CA4F630368D1EE00C91783 /* PMWeb By Ultimate-Prefix.pch */ = {isa = PBXFileReference; fileEncoding = 4; lastKnownFileType = sourcecode.c.h; path = "PMWeb By Ultimate-Prefix.pch"; sourceTree = "<group>"; };
		6AFF5BF81D6E424B00AB3073 /* CDVLaunchScreen.storyboard */ = {isa = PBXFileReference; fileEncoding = 4; lastKnownFileType = file.storyboard; name = CDVLaunchScreen.storyboard; path = "PMWeb By Ultimate/CDVLaunchScreen.storyboard"; sourceTree = SOURCE_ROOT; };
		8D1107310486CEB800E47090 /* PMWeb By Ultimate-Info.plist */ = {isa = PBXFileReference; fileEncoding = 4; lastKnownFileType = text.plist.xml; name = "PMWeb By Ultimate-Info.plist"; path = "PMWeb By Ultimate/PMWeb By Ultimate-Info.plist"; plistStructureDefinitionIdentifier = "com.apple.xcode.plist.structure-definition.iphone.info-plist"; sourceTree = SOURCE_ROOT; };
		EB87FDF31871DA8E0020F90C /* www */ = {isa = PBXFileReference; lastKnownFileType = folder; name = www; path = ../../www; sourceTree = "<group>"; };
		EB87FDF41871DAF40020F90C /* config.xml */ = {isa = PBXFileReference; lastKnownFileType = text.xml; name = config.xml; path = ../../config.xml; sourceTree = "<group>"; };
		F840E1F0165FE0F500CFE078 /* config.xml */ = {isa = PBXFileReference; lastKnownFileType = text.xml; name = config.xml; path = "PMWeb By Ultimate/config.xml"; sourceTree = "<group>"; };
		ED33DF2A687741AEAF9F8254 /* Bridging-Header.h */ = {isa = PBXFileReference; fileEncoding = 4; lastKnownFileType = sourcecode.c.h; name = "Bridging-Header.h"; path = "Bridging-Header.h"; sourceTree = "<group>"; };
		6425015BA7E04B8F8EEECA78 /* CDVBattery.m */ = {isa = PBXFileReference; name = "CDVBattery.m"; path = "cordova-plugin-battery-status/CDVBattery.m"; sourceTree = "<group>"; fileEncoding = 4; lastKnownFileType = sourcecode.c.objc; explicitFileType = undefined; includeInIndex = 0; };
		4869263E54AA421D95BBC22A /* CDVBattery.h */ = {isa = PBXFileReference; name = "CDVBattery.h"; path = "cordova-plugin-battery-status/CDVBattery.h"; sourceTree = "<group>"; fileEncoding = 4; lastKnownFileType = sourcecode.c.h; explicitFileType = undefined; includeInIndex = 0; };
		791C5FB64D46449FA450C3C2 /* UIImage+CropScaleOrientation.m */ = {isa = PBXFileReference; name = "UIImage+CropScaleOrientation.m"; path = "cordova-plugin-camera/UIImage+CropScaleOrientation.m"; sourceTree = "<group>"; fileEncoding = 4; lastKnownFileType = sourcecode.c.objc; explicitFileType = undefined; includeInIndex = 0; };
		CC7B53565C4B4D26AF2C0221 /* CDVCamera.m */ = {isa = PBXFileReference; name = "CDVCamera.m"; path = "cordova-plugin-camera/CDVCamera.m"; sourceTree = "<group>"; fileEncoding = 4; lastKnownFileType = sourcecode.c.objc; explicitFileType = undefined; includeInIndex = 0; };
		1B580A9C74834CCF8B211CB3 /* CDVJpegHeaderWriter.m */ = {isa = PBXFileReference; name = "CDVJpegHeaderWriter.m"; path = "cordova-plugin-camera/CDVJpegHeaderWriter.m"; sourceTree = "<group>"; fileEncoding = 4; lastKnownFileType = sourcecode.c.objc; explicitFileType = undefined; includeInIndex = 0; };
		79C2FE53BDC043D094F68B8C /* UIImage+CropScaleOrientation.h */ = {isa = PBXFileReference; name = "UIImage+CropScaleOrientation.h"; path = "cordova-plugin-camera/UIImage+CropScaleOrientation.h"; sourceTree = "<group>"; fileEncoding = 4; lastKnownFileType = sourcecode.c.h; explicitFileType = undefined; includeInIndex = 0; };
		7B3F8C63A95B4AB89E52857A /* CDVCamera.h */ = {isa = PBXFileReference; name = "CDVCamera.h"; path = "cordova-plugin-camera/CDVCamera.h"; sourceTree = "<group>"; fileEncoding = 4; lastKnownFileType = sourcecode.c.h; explicitFileType = undefined; includeInIndex = 0; };
		BCC539344B8D4F80B598D412 /* CDVJpegHeaderWriter.h */ = {isa = PBXFileReference; name = "CDVJpegHeaderWriter.h"; path = "cordova-plugin-camera/CDVJpegHeaderWriter.h"; sourceTree = "<group>"; fileEncoding = 4; lastKnownFileType = sourcecode.c.h; explicitFileType = undefined; includeInIndex = 0; };
		D17916BC372A4D608AA4A5CD /* CDVExif.h */ = {isa = PBXFileReference; name = "CDVExif.h"; path = "cordova-plugin-camera/CDVExif.h"; sourceTree = "<group>"; fileEncoding = 4; lastKnownFileType = sourcecode.c.h; explicitFileType = undefined; includeInIndex = 0; };
		15B4AF877C7F469BB0D4C13A /* ImageIO.framework */ = {isa = PBXFileReference; name = "ImageIO.framework"; path = "System/Library/Frameworks/ImageIO.framework"; sourceTree = SDKROOT; fileEncoding = undefined; lastKnownFileType = wrapper.framework; explicitFileType = undefined; includeInIndex = 0; };
		B802D64FD7A146849D7A0324 /* CoreLocation.framework */ = {isa = PBXFileReference; name = "CoreLocation.framework"; path = "System/Library/Frameworks/CoreLocation.framework"; sourceTree = SDKROOT; fileEncoding = undefined; lastKnownFileType = wrapper.framework; explicitFileType = undefined; includeInIndex = 0; };
		F06047BAB41E4A949669F3D2 /* AVFoundation.framework */ = {isa = PBXFileReference; name = "AVFoundation.framework"; path = "System/Library/Frameworks/AVFoundation.framework"; sourceTree = SDKROOT; fileEncoding = undefined; lastKnownFileType = wrapper.framework; explicitFileType = undefined; includeInIndex = 0; };
		0B7A157EE40A4D6EBDDA5A3D /* CDVLogger.m */ = {isa = PBXFileReference; name = "CDVLogger.m"; path = "cordova-plugin-console/CDVLogger.m"; sourceTree = "<group>"; fileEncoding = 4; lastKnownFileType = sourcecode.c.objc; explicitFileType = undefined; includeInIndex = 0; };
		A530044E7E604135978DBE52 /* CDVLogger.h */ = {isa = PBXFileReference; name = "CDVLogger.h"; path = "cordova-plugin-console/CDVLogger.h"; sourceTree = "<group>"; fileEncoding = 4; lastKnownFileType = sourcecode.c.h; explicitFileType = undefined; includeInIndex = 0; };
		00F6079E00FA4854B4863F1C /* CDVContacts.m */ = {isa = PBXFileReference; name = "CDVContacts.m"; path = "cordova-plugin-contacts/CDVContacts.m"; sourceTree = "<group>"; fileEncoding = 4; lastKnownFileType = sourcecode.c.objc; explicitFileType = undefined; includeInIndex = 0; };
		2D3ED45B825249758E465830 /* CDVContact.m */ = {isa = PBXFileReference; name = "CDVContact.m"; path = "cordova-plugin-contacts/CDVContact.m"; sourceTree = "<group>"; fileEncoding = 4; lastKnownFileType = sourcecode.c.objc; explicitFileType = undefined; includeInIndex = 0; };
		F71C6958E2CB4758BF976F85 /* CDVContacts.h */ = {isa = PBXFileReference; name = "CDVContacts.h"; path = "cordova-plugin-contacts/CDVContacts.h"; sourceTree = "<group>"; fileEncoding = 4; lastKnownFileType = sourcecode.c.h; explicitFileType = undefined; includeInIndex = 0; };
		A371AAF6F159465AB70AECE2 /* CDVContact.h */ = {isa = PBXFileReference; name = "CDVContact.h"; path = "cordova-plugin-contacts/CDVContact.h"; sourceTree = "<group>"; fileEncoding = 4; lastKnownFileType = sourcecode.c.h; explicitFileType = undefined; includeInIndex = 0; };
		4F97C0A0B1884770AC9EADC9 /* AddressBook.framework */ = {isa = PBXFileReference; name = "AddressBook.framework"; path = "System/Library/Frameworks/AddressBook.framework"; sourceTree = SDKROOT; fileEncoding = undefined; lastKnownFileType = wrapper.framework; explicitFileType = undefined; includeInIndex = 0; };
		8EDA3ADFA3E2426FBBCFD543 /* AddressBookUI.framework */ = {isa = PBXFileReference; name = "AddressBookUI.framework"; path = "System/Library/Frameworks/AddressBookUI.framework"; sourceTree = SDKROOT; fileEncoding = undefined; lastKnownFileType = wrapper.framework; explicitFileType = undefined; includeInIndex = 0; };
		E6DFD11818BA4B4282C35827 /* CDVDevice.m */ = {isa = PBXFileReference; name = "CDVDevice.m"; path = "cordova-plugin-device/CDVDevice.m"; sourceTree = "<group>"; fileEncoding = 4; lastKnownFileType = sourcecode.c.objc; explicitFileType = undefined; includeInIndex = 0; };
		D362C257765A49E9888A0112 /* CDVDevice.h */ = {isa = PBXFileReference; name = "CDVDevice.h"; path = "cordova-plugin-device/CDVDevice.h"; sourceTree = "<group>"; fileEncoding = 4; lastKnownFileType = sourcecode.c.h; explicitFileType = undefined; includeInIndex = 0; };
		73AD41DC510241CFA8244BA6 /* libz.tbd */ = {isa = PBXFileReference; name = "libz.tbd"; path = "usr/lib/libz.tbd"; sourceTree = SDKROOT; fileEncoding = undefined; lastKnownFileType = sourcecode.text-based-dylib-definition; explicitFileType = undefined; includeInIndex = 0; };
		814FD0097BB74686B34C1C2F /* CDVAccelerometer.m */ = {isa = PBXFileReference; name = "CDVAccelerometer.m"; path = "cordova-plugin-device-motion/CDVAccelerometer.m"; sourceTree = "<group>"; fileEncoding = 4; lastKnownFileType = sourcecode.c.objc; explicitFileType = undefined; includeInIndex = 0; };
		27AFB616A1BC4F309F5E051E /* CDVAccelerometer.h */ = {isa = PBXFileReference; name = "CDVAccelerometer.h"; path = "cordova-plugin-device-motion/CDVAccelerometer.h"; sourceTree = "<group>"; fileEncoding = 4; lastKnownFileType = sourcecode.c.h; explicitFileType = undefined; includeInIndex = 0; };
		3B1ADE16636E46B08F3CC19F /* CoreMotion.framework */ = {isa = PBXFileReference; name = "CoreMotion.framework"; path = "System/Library/Frameworks/CoreMotion.framework"; sourceTree = SDKROOT; fileEncoding = undefined; lastKnownFileType = wrapper.framework; explicitFileType = undefined; includeInIndex = 0; };
		32D3C669156447698FDE0C21 /* CDVCompass.m */ = {isa = PBXFileReference; name = "CDVCompass.m"; path = "cordova-plugin-device-orientation/CDVCompass.m"; sourceTree = "<group>"; fileEncoding = 4; lastKnownFileType = sourcecode.c.objc; explicitFileType = undefined; includeInIndex = 0; };
		AB622EF675F44787B0675C56 /* CDVCompass.h */ = {isa = PBXFileReference; name = "CDVCompass.h"; path = "cordova-plugin-device-orientation/CDVCompass.h"; sourceTree = "<group>"; fileEncoding = 4; lastKnownFileType = sourcecode.c.h; explicitFileType = undefined; includeInIndex = 0; };
		3B6BA3B1716748A2B3D02C8C /* CDVNotification.m */ = {isa = PBXFileReference; name = "CDVNotification.m"; path = "cordova-plugin-dialogs/CDVNotification.m"; sourceTree = "<group>"; fileEncoding = 4; lastKnownFileType = sourcecode.c.objc; explicitFileType = undefined; includeInIndex = 0; };
		B2172E32C488472A8894402A /* CDVNotification.h */ = {isa = PBXFileReference; name = "CDVNotification.h"; path = "cordova-plugin-dialogs/CDVNotification.h"; sourceTree = "<group>"; fileEncoding = 4; lastKnownFileType = sourcecode.c.h; explicitFileType = undefined; includeInIndex = 0; };
		FB3DBD5A3DC5451882C3DF34 /* CDVNotification.bundle */ = {isa = PBXFileReference; name = "CDVNotification.bundle"; path = "CDVNotification.bundle"; sourceTree = "<group>"; fileEncoding = undefined; lastKnownFileType = wrapper.plug-in; explicitFileType = undefined; includeInIndex = 0; };
		240E89A6CBE946BCAA051918 /* AudioToolbox.framework */ = {isa = PBXFileReference; name = "AudioToolbox.framework"; path = "System/Library/Frameworks/AudioToolbox.framework"; sourceTree = SDKROOT; fileEncoding = undefined; lastKnownFileType = wrapper.framework; explicitFileType = undefined; includeInIndex = 0; };
		3DF76E0062A340DA9E1EB1EF /* CDVFile.m */ = {isa = PBXFileReference; name = "CDVFile.m"; path = "cordova-plugin-file/CDVFile.m"; sourceTree = "<group>"; fileEncoding = 4; lastKnownFileType = sourcecode.c.objc; explicitFileType = undefined; includeInIndex = 0; };
		BEE3212335A84238A7B97FA3 /* CDVLocalFilesystem.m */ = {isa = PBXFileReference; name = "CDVLocalFilesystem.m"; path = "cordova-plugin-file/CDVLocalFilesystem.m"; sourceTree = "<group>"; fileEncoding = 4; lastKnownFileType = sourcecode.c.objc; explicitFileType = undefined; includeInIndex = 0; };
		0B97302D7F234C468BDCB98B /* CDVAssetLibraryFilesystem.m */ = {isa = PBXFileReference; name = "CDVAssetLibraryFilesystem.m"; path = "cordova-plugin-file/CDVAssetLibraryFilesystem.m"; sourceTree = "<group>"; fileEncoding = 4; lastKnownFileType = sourcecode.c.objc; explicitFileType = undefined; includeInIndex = 0; };
		AECBE43F29654833B6F6C931 /* CDVFile.h */ = {isa = PBXFileReference; name = "CDVFile.h"; path = "cordova-plugin-file/CDVFile.h"; sourceTree = "<group>"; fileEncoding = 4; lastKnownFileType = sourcecode.c.h; explicitFileType = undefined; includeInIndex = 0; };
		3D2F36E403194B0A86090062 /* CDVLocalFilesystem.h */ = {isa = PBXFileReference; name = "CDVLocalFilesystem.h"; path = "cordova-plugin-file/CDVLocalFilesystem.h"; sourceTree = "<group>"; fileEncoding = 4; lastKnownFileType = sourcecode.c.h; explicitFileType = undefined; includeInIndex = 0; };
		337B3B2C7E8B409380231E3F /* CDVAssetLibraryFilesystem.h */ = {isa = PBXFileReference; name = "CDVAssetLibraryFilesystem.h"; path = "cordova-plugin-file/CDVAssetLibraryFilesystem.h"; sourceTree = "<group>"; fileEncoding = 4; lastKnownFileType = sourcecode.c.h; explicitFileType = undefined; includeInIndex = 0; };
		D8CE9928613949F5A6AF56B9 /* CDVFileTransfer.m */ = {isa = PBXFileReference; name = "CDVFileTransfer.m"; path = "cordova-plugin-file-transfer/CDVFileTransfer.m"; sourceTree = "<group>"; fileEncoding = 4; lastKnownFileType = sourcecode.c.objc; explicitFileType = undefined; includeInIndex = 0; };
		23BDFA8D0F06450CB05A3C18 /* CDVFileTransfer.h */ = {isa = PBXFileReference; name = "CDVFileTransfer.h"; path = "cordova-plugin-file-transfer/CDVFileTransfer.h"; sourceTree = "<group>"; fileEncoding = 4; lastKnownFileType = sourcecode.c.h; explicitFileType = undefined; includeInIndex = 0; };
		531A8CACB81B43C595234C16 /* CDVLocation.m */ = {isa = PBXFileReference; name = "CDVLocation.m"; path = "cordova-plugin-geolocation/CDVLocation.m"; sourceTree = "<group>"; fileEncoding = 4; lastKnownFileType = sourcecode.c.objc; explicitFileType = undefined; includeInIndex = 0; };
		90F89F709AD648888B51A0B2 /* CDVLocation.h */ = {isa = PBXFileReference; name = "CDVLocation.h"; path = "cordova-plugin-geolocation/CDVLocation.h"; sourceTree = "<group>"; fileEncoding = 4; lastKnownFileType = sourcecode.c.h; explicitFileType = undefined; includeInIndex = 0; };
		3D8A9E5C5AF8438A8BFF3FBA /* CDVGlobalization.m */ = {isa = PBXFileReference; name = "CDVGlobalization.m"; path = "cordova-plugin-globalization/CDVGlobalization.m"; sourceTree = "<group>"; fileEncoding = 4; lastKnownFileType = sourcecode.c.objc; explicitFileType = undefined; includeInIndex = 0; };
		30F857EE84BF4E3AA3249C2F /* CDVGlobalization.h */ = {isa = PBXFileReference; name = "CDVGlobalization.h"; path = "cordova-plugin-globalization/CDVGlobalization.h"; sourceTree = "<group>"; fileEncoding = 4; lastKnownFileType = sourcecode.c.h; explicitFileType = undefined; includeInIndex = 0; };
		DE45FA0FF2CF40989D747913 /* CDVInAppBrowser.m */ = {isa = PBXFileReference; name = "CDVInAppBrowser.m"; path = "cordova-plugin-inappbrowser/CDVInAppBrowser.m"; sourceTree = "<group>"; fileEncoding = 4; lastKnownFileType = sourcecode.c.objc; explicitFileType = undefined; includeInIndex = 0; };
		95A54B3612934A52827A3C2F /* CDVInAppBrowser.h */ = {isa = PBXFileReference; name = "CDVInAppBrowser.h"; path = "cordova-plugin-inappbrowser/CDVInAppBrowser.h"; sourceTree = "<group>"; fileEncoding = 4; lastKnownFileType = sourcecode.c.h; explicitFileType = undefined; includeInIndex = 0; };
		B6DAA6677D2B436F99C501B4 /* CDVSound.m */ = {isa = PBXFileReference; name = "CDVSound.m"; path = "cordova-plugin-media/CDVSound.m"; sourceTree = "<group>"; fileEncoding = 4; lastKnownFileType = sourcecode.c.objc; explicitFileType = undefined; includeInIndex = 0; };
		C3528CC92FF642B29BBCE376 /* CDVSound.h */ = {isa = PBXFileReference; name = "CDVSound.h"; path = "cordova-plugin-media/CDVSound.h"; sourceTree = "<group>"; fileEncoding = 4; lastKnownFileType = sourcecode.c.h; explicitFileType = undefined; includeInIndex = 0; };
		6BE1DD23313349979257D314 /* CDVCapture.m */ = {isa = PBXFileReference; name = "CDVCapture.m"; path = "cordova-plugin-media-capture/CDVCapture.m"; sourceTree = "<group>"; fileEncoding = 4; lastKnownFileType = sourcecode.c.objc; explicitFileType = undefined; includeInIndex = 0; };
		61D6A2785BEF4A9F911C25BC /* CDVCapture.h */ = {isa = PBXFileReference; name = "CDVCapture.h"; path = "cordova-plugin-media-capture/CDVCapture.h"; sourceTree = "<group>"; fileEncoding = 4; lastKnownFileType = sourcecode.c.h; explicitFileType = undefined; includeInIndex = 0; };
		47D5E7B7D959485782670726 /* CDVCapture.bundle */ = {isa = PBXFileReference; name = "CDVCapture.bundle"; path = "CDVCapture.bundle"; sourceTree = "<group>"; fileEncoding = undefined; lastKnownFileType = wrapper.plug-in; explicitFileType = undefined; includeInIndex = 0; };
		94EFB22E902B4ACF9371F9B8 /* CDVConnection.m */ = {isa = PBXFileReference; name = "CDVConnection.m"; path = "cordova-plugin-network-information/CDVConnection.m"; sourceTree = "<group>"; fileEncoding = 4; lastKnownFileType = sourcecode.c.objc; explicitFileType = undefined; includeInIndex = 0; };
		80796DA57C124EFA99046BD9 /* CDVReachability.m */ = {isa = PBXFileReference; name = "CDVReachability.m"; path = "cordova-plugin-network-information/CDVReachability.m"; sourceTree = "<group>"; fileEncoding = 4; lastKnownFileType = sourcecode.c.objc; explicitFileType = undefined; includeInIndex = 0; };
		63ADDB6757FD42CFAE013D6A /* CDVConnection.h */ = {isa = PBXFileReference; name = "CDVConnection.h"; path = "cordova-plugin-network-information/CDVConnection.h"; sourceTree = "<group>"; fileEncoding = 4; lastKnownFileType = sourcecode.c.h; explicitFileType = undefined; includeInIndex = 0; };
		6731861E79DC40ABB2ADBAB1 /* CDVReachability.h */ = {isa = PBXFileReference; name = "CDVReachability.h"; path = "cordova-plugin-network-information/CDVReachability.h"; sourceTree = "<group>"; fileEncoding = 4; lastKnownFileType = sourcecode.c.h; explicitFileType = undefined; includeInIndex = 0; };
		CA12BE9AE4D6465ABD00CC47 /* SystemConfiguration.framework */ = {isa = PBXFileReference; name = "SystemConfiguration.framework"; path = "System/Library/Frameworks/SystemConfiguration.framework"; sourceTree = SDKROOT; fileEncoding = undefined; lastKnownFileType = wrapper.framework; explicitFileType = undefined; includeInIndex = 0; };
		C247506629CB48A5821D08A8 /* CoreTelephony.framework */ = {isa = PBXFileReference; name = "CoreTelephony.framework"; path = "System/Library/Frameworks/CoreTelephony.framework"; sourceTree = SDKROOT; fileEncoding = undefined; lastKnownFileType = wrapper.framework; explicitFileType = undefined; includeInIndex = 0; };
		CE3EF9B6F0BA488CAEE06287 /* CDVSplashScreen.m */ = {isa = PBXFileReference; name = "CDVSplashScreen.m"; path = "cordova-plugin-splashscreen/CDVSplashScreen.m"; sourceTree = "<group>"; fileEncoding = 4; lastKnownFileType = sourcecode.c.objc; explicitFileType = undefined; includeInIndex = 0; };
		74331A4AAA6146CDB32EDE67 /* CDVViewController+SplashScreen.m */ = {isa = PBXFileReference; name = "CDVViewController+SplashScreen.m"; path = "cordova-plugin-splashscreen/CDVViewController+SplashScreen.m"; sourceTree = "<group>"; fileEncoding = 4; lastKnownFileType = sourcecode.c.objc; explicitFileType = undefined; includeInIndex = 0; };
		AF3627FEFC7C4A7BA42DA507 /* CDVSplashScreen.h */ = {isa = PBXFileReference; name = "CDVSplashScreen.h"; path = "cordova-plugin-splashscreen/CDVSplashScreen.h"; sourceTree = "<group>"; fileEncoding = 4; lastKnownFileType = sourcecode.c.h; explicitFileType = undefined; includeInIndex = 0; };
		98A3FA1F221F411A9C1A045A /* CDVViewController+SplashScreen.h */ = {isa = PBXFileReference; name = "CDVViewController+SplashScreen.h"; path = "cordova-plugin-splashscreen/CDVViewController+SplashScreen.h"; sourceTree = "<group>"; fileEncoding = 4; lastKnownFileType = sourcecode.c.h; explicitFileType = undefined; includeInIndex = 0; };
		8A18EB5040434EB98EEB3DEC /* CDVStatusBar.m */ = {isa = PBXFileReference; name = "CDVStatusBar.m"; path = "cordova-plugin-statusbar/CDVStatusBar.m"; sourceTree = "<group>"; fileEncoding = 4; lastKnownFileType = sourcecode.c.objc; explicitFileType = undefined; includeInIndex = 0; };
		CD2D24C7C6D04B9A94544785 /* CDVStatusBar.h */ = {isa = PBXFileReference; name = "CDVStatusBar.h"; path = "cordova-plugin-statusbar/CDVStatusBar.h"; sourceTree = "<group>"; fileEncoding = 4; lastKnownFileType = sourcecode.c.h; explicitFileType = undefined; includeInIndex = 0; };
		66053388310F446581EE4789 /* CDVVibration.m */ = {isa = PBXFileReference; name = "CDVVibration.m"; path = "cordova-plugin-vibration/CDVVibration.m"; sourceTree = "<group>"; fileEncoding = 4; lastKnownFileType = sourcecode.c.objc; explicitFileType = undefined; includeInIndex = 0; };
		90EE2D1748474A7093EF6F22 /* CDVVibration.h */ = {isa = PBXFileReference; name = "CDVVibration.h"; path = "cordova-plugin-vibration/CDVVibration.h"; sourceTree = "<group>"; fileEncoding = 4; lastKnownFileType = sourcecode.c.h; explicitFileType = undefined; includeInIndex = 0; };
/* End PBXFileReference section */

/* Begin PBXFrameworksBuildPhase section */
		1D60588F0D05DD3D006BFB54 /* Frameworks */ = {
			isa = PBXFrameworksBuildPhase;
			buildActionMask = 2147483647;
			files = (
				301BF552109A68D80062928A /* libCordova.a in Frameworks */,
				BB0DD7E355A243EABA64F028 /* ImageIO.framework in Frameworks */,
				23879F3133524E89BE966130 /* CoreLocation.framework in Frameworks */,
				4040EB01D80C40538C181D2B /* AVFoundation.framework in Frameworks */,
				210C7459A61645019DBB9B4A /* AddressBook.framework in Frameworks */,
				01AAF43A27B1440192AF7D45 /* AddressBookUI.framework in Frameworks */,
				A426D4D700F5447CB7D28269 /* libz.tbd in Frameworks */,
				2AC560B78B7245E89EB3C8AE /* CoreMotion.framework in Frameworks */,
				19839D27A4BF4171969EC33A /* AudioToolbox.framework in Frameworks */,
				7AAF7CE5D4EF479E98A68C63 /* SystemConfiguration.framework in Frameworks */,
				8EC7CF07B5074632926BAA1D /* CoreTelephony.framework in Frameworks */,
			);
			runOnlyForDeploymentPostprocessing = 0;
		};
/* End PBXFrameworksBuildPhase section */

/* Begin PBXGroup section */
		080E96DDFE201D6D7F000001 /* Classes */ = {
			isa = PBXGroup;
			children = (
				302D95EE14D2391D003F00A1 /* MainViewController.h */,
				302D95EF14D2391D003F00A1 /* MainViewController.m */,
				302D95F014D2391D003F00A1 /* MainViewController.xib */,
				1D3623240D0F684500981E51 /* AppDelegate.h */,
				1D3623250D0F684500981E51 /* AppDelegate.m */,
			);
			name = Classes;
			path = "PMWeb By Ultimate/Classes";
			sourceTree = SOURCE_ROOT;
		};
		19C28FACFE9D520D11CA2CBB /* Products */ = {
			isa = PBXGroup;
			children = (
				1D6058910D05DD3D006BFB54 /* PMWeb By Ultimate.app */,
			);
			name = Products;
			sourceTree = "<group>";
		};
		29B97314FDCFA39411CA2CEA /* CustomTemplate */ = {
			isa = PBXGroup;
			children = (
				EB87FDF41871DAF40020F90C /* config.xml */,
				EB87FDF31871DA8E0020F90C /* www */,
				EB87FDF11871DA420020F90C /* Staging */,
				301BF52D109A57CC0062928A /* CordovaLib.xcodeproj */,
				080E96DDFE201D6D7F000001 /* Classes */,
				307C750510C5A3420062BCA9 /* Plugins */,
				29B97315FDCFA39411CA2CEA /* Other Sources */,
				29B97317FDCFA39411CA2CEA /* Resources */,
				29B97323FDCFA39411CA2CEA /* Frameworks */,
				19C28FACFE9D520D11CA2CBB /* Products */,
			);
			name = CustomTemplate;
			sourceTree = "<group>";
		};
		29B97315FDCFA39411CA2CEA /* Other Sources */ = {
			isa = PBXGroup;
			children = (
				32CA4F630368D1EE00C91783 /* PMWeb By Ultimate-Prefix.pch */,
				29B97316FDCFA39411CA2CEA /* main.m */,
				ED33DF2A687741AEAF9F8254 /* Bridging-Header.h */,
			);
			name = "Other Sources";
			path = "PMWeb By Ultimate";
			sourceTree = "<group>";
		};
		29B97317FDCFA39411CA2CEA /* Resources */ = {
			isa = PBXGroup;
			children = (
				0207DA571B56EA530066E2B4 /* Images.xcassets */,
				3047A50E1AB8057F00498E2A /* config */,
				8D1107310486CEB800E47090 /* PMWeb By Ultimate-Info.plist */,
				6AFF5BF81D6E424B00AB3073 /* CDVLaunchScreen.storyboard */,
				FB3DBD5A3DC5451882C3DF34 /* CDVNotification.bundle */,
				47D5E7B7D959485782670726 /* CDVCapture.bundle */,
			);
			name = Resources;
			path = "PMWeb By Ultimate/Resources";
			sourceTree = "<group>";
		};
		29B97323FDCFA39411CA2CEA /* Frameworks */ = {
			isa = PBXGroup;
			children = (
				15B4AF877C7F469BB0D4C13A /* ImageIO.framework */,
				B802D64FD7A146849D7A0324 /* CoreLocation.framework */,
				F06047BAB41E4A949669F3D2 /* AVFoundation.framework */,
				4F97C0A0B1884770AC9EADC9 /* AddressBook.framework */,
				8EDA3ADFA3E2426FBBCFD543 /* AddressBookUI.framework */,
				73AD41DC510241CFA8244BA6 /* libz.tbd */,
				3B1ADE16636E46B08F3CC19F /* CoreMotion.framework */,
				240E89A6CBE946BCAA051918 /* AudioToolbox.framework */,
				CA12BE9AE4D6465ABD00CC47 /* SystemConfiguration.framework */,
				C247506629CB48A5821D08A8 /* CoreTelephony.framework */,
			);
			name = Frameworks;
			sourceTree = "<group>";
		};
		301BF52E109A57CC0062928A /* Products */ = {
			isa = PBXGroup;
			children = (
				301BF535109A57CC0062928A /* libCordova.a */,
			);
			name = Products;
			sourceTree = "<group>";
		};
		3047A50E1AB8057F00498E2A /* config */ = {
			isa = PBXGroup;
			children = (
				3047A50F1AB8059700498E2A /* build-debug.xcconfig */,
				3047A5101AB8059700498E2A /* build-release.xcconfig */,
				3047A5111AB8059700498E2A /* build.xcconfig */,
			);
			name = config;
			sourceTree = "<group>";
		};
		307C750510C5A3420062BCA9 /* Plugins */ = {
			isa = PBXGroup;
			children = (
				6425015BA7E04B8F8EEECA78 /* CDVBattery.m */,
				4869263E54AA421D95BBC22A /* CDVBattery.h */,
				791C5FB64D46449FA450C3C2 /* UIImage+CropScaleOrientation.m */,
				CC7B53565C4B4D26AF2C0221 /* CDVCamera.m */,
				1B580A9C74834CCF8B211CB3 /* CDVJpegHeaderWriter.m */,
				79C2FE53BDC043D094F68B8C /* UIImage+CropScaleOrientation.h */,
				7B3F8C63A95B4AB89E52857A /* CDVCamera.h */,
				BCC539344B8D4F80B598D412 /* CDVJpegHeaderWriter.h */,
				D17916BC372A4D608AA4A5CD /* CDVExif.h */,
				0B7A157EE40A4D6EBDDA5A3D /* CDVLogger.m */,
				A530044E7E604135978DBE52 /* CDVLogger.h */,
				00F6079E00FA4854B4863F1C /* CDVContacts.m */,
				2D3ED45B825249758E465830 /* CDVContact.m */,
				F71C6958E2CB4758BF976F85 /* CDVContacts.h */,
				A371AAF6F159465AB70AECE2 /* CDVContact.h */,
				E6DFD11818BA4B4282C35827 /* CDVDevice.m */,
				D362C257765A49E9888A0112 /* CDVDevice.h */,
				814FD0097BB74686B34C1C2F /* CDVAccelerometer.m */,
				27AFB616A1BC4F309F5E051E /* CDVAccelerometer.h */,
				32D3C669156447698FDE0C21 /* CDVCompass.m */,
				AB622EF675F44787B0675C56 /* CDVCompass.h */,
				3B6BA3B1716748A2B3D02C8C /* CDVNotification.m */,
				B2172E32C488472A8894402A /* CDVNotification.h */,
				3DF76E0062A340DA9E1EB1EF /* CDVFile.m */,
				BEE3212335A84238A7B97FA3 /* CDVLocalFilesystem.m */,
				0B97302D7F234C468BDCB98B /* CDVAssetLibraryFilesystem.m */,
				AECBE43F29654833B6F6C931 /* CDVFile.h */,
				3D2F36E403194B0A86090062 /* CDVLocalFilesystem.h */,
				337B3B2C7E8B409380231E3F /* CDVAssetLibraryFilesystem.h */,
				D8CE9928613949F5A6AF56B9 /* CDVFileTransfer.m */,
				23BDFA8D0F06450CB05A3C18 /* CDVFileTransfer.h */,
				531A8CACB81B43C595234C16 /* CDVLocation.m */,
				90F89F709AD648888B51A0B2 /* CDVLocation.h */,
				3D8A9E5C5AF8438A8BFF3FBA /* CDVGlobalization.m */,
				30F857EE84BF4E3AA3249C2F /* CDVGlobalization.h */,
				DE45FA0FF2CF40989D747913 /* CDVInAppBrowser.m */,
				95A54B3612934A52827A3C2F /* CDVInAppBrowser.h */,
				B6DAA6677D2B436F99C501B4 /* CDVSound.m */,
				C3528CC92FF642B29BBCE376 /* CDVSound.h */,
				6BE1DD23313349979257D314 /* CDVCapture.m */,
				61D6A2785BEF4A9F911C25BC /* CDVCapture.h */,
				94EFB22E902B4ACF9371F9B8 /* CDVConnection.m */,
				80796DA57C124EFA99046BD9 /* CDVReachability.m */,
				63ADDB6757FD42CFAE013D6A /* CDVConnection.h */,
				6731861E79DC40ABB2ADBAB1 /* CDVReachability.h */,
				CE3EF9B6F0BA488CAEE06287 /* CDVSplashScreen.m */,
				74331A4AAA6146CDB32EDE67 /* CDVViewController+SplashScreen.m */,
				AF3627FEFC7C4A7BA42DA507 /* CDVSplashScreen.h */,
				98A3FA1F221F411A9C1A045A /* CDVViewController+SplashScreen.h */,
				8A18EB5040434EB98EEB3DEC /* CDVStatusBar.m */,
				CD2D24C7C6D04B9A94544785 /* CDVStatusBar.h */,
				66053388310F446581EE4789 /* CDVVibration.m */,
				90EE2D1748474A7093EF6F22 /* CDVVibration.h */,
			);
			name = Plugins;
			path = "PMWeb By Ultimate/Plugins";
			sourceTree = SOURCE_ROOT;
		};
		EB87FDF11871DA420020F90C /* Staging */ = {
			isa = PBXGroup;
			children = (
				F840E1F0165FE0F500CFE078 /* config.xml */,
				301BF56E109A69640062928A /* www */,
			);
			name = Staging;
			sourceTree = "<group>";
		};
/* End PBXGroup section */

/* Begin PBXNativeTarget section */
		1D6058900D05DD3D006BFB54 /* PMWeb By Ultimate */ = {
			isa = PBXNativeTarget;
			buildConfigurationList = 1D6058960D05DD3E006BFB54 /* Build configuration list for PBXNativeTarget "PMWeb By Ultimate" */;
			buildPhases = (
				304B58A110DAC018002A0835 /* Copy www directory */,
				1D60588D0D05DD3D006BFB54 /* Resources */,
				1D60588E0D05DD3D006BFB54 /* Sources */,
				1D60588F0D05DD3D006BFB54 /* Frameworks */,
			);
			buildRules = (
			);
			dependencies = (
				301BF551109A68C00062928A /* PBXTargetDependency */,
			);
			name = "PMWeb By Ultimate";
			productName = "PMWeb By Ultimate";
			productReference = 1D6058910D05DD3D006BFB54 /* PMWeb By Ultimate.app */;
			productType = "com.apple.product-type.application";
		};
/* End PBXNativeTarget section */

/* Begin PBXProject section */
		29B97313FDCFA39411CA2CEA /* Project object */ = {
			isa = PBXProject;
			attributes = {
				LastUpgradeCheck = 510;
			};
			buildConfigurationList = C01FCF4E08A954540054247B /* Build configuration list for PBXProject "__NON-CLI__" */;
			compatibilityVersion = "Xcode 3.2";
			developmentRegion = English;
			hasScannedForEncodings = 1;
			mainGroup = 29B97314FDCFA39411CA2CEA /* CustomTemplate */;
			projectDirPath = "";
			projectReferences = (
				{
					ProductGroup = 301BF52E109A57CC0062928A /* Products */;
					ProjectRef = 301BF52D109A57CC0062928A /* CordovaLib.xcodeproj */;
				},
			);
			projectRoot = "";
			targets = (
				1D6058900D05DD3D006BFB54 /* PMWeb By Ultimate */,
			);
		};
/* End PBXProject section */

/* Begin PBXReferenceProxy section */
		301BF535109A57CC0062928A /* libCordova.a */ = {
			isa = PBXReferenceProxy;
			fileType = archive.ar;
			path = libCordova.a;
			remoteRef = 301BF534109A57CC0062928A /* PBXContainerItemProxy */;
			sourceTree = BUILT_PRODUCTS_DIR;
		};
/* End PBXReferenceProxy section */

/* Begin PBXResourcesBuildPhase section */
		1D60588D0D05DD3D006BFB54 /* Resources */ = {
			isa = PBXResourcesBuildPhase;
			buildActionMask = 2147483647;
			files = (
				302D95F214D2391D003F00A1 /* MainViewController.xib in Resources */,
				0207DA581B56EA530066E2B4 /* Images.xcassets in Resources */,
				6AFF5BF91D6E424B00AB3073 /* CDVLaunchScreen.storyboard in Resources */,
				8801E390100443709071F3DF /* CDVNotification.bundle in Resources */,
				89BC30FBFC6D4241A0CB61F7 /* CDVCapture.bundle in Resources */,
			);
			runOnlyForDeploymentPostprocessing = 0;
		};
/* End PBXResourcesBuildPhase section */

/* Begin PBXShellScriptBuildPhase section */
		304B58A110DAC018002A0835 /* Copy www directory */ = {
			isa = PBXShellScriptBuildPhase;
			buildActionMask = 2147483647;
			files = (
			);
			inputPaths = (
			);
			name = "Copy www directory";
			outputPaths = (
			);
			runOnlyForDeploymentPostprocessing = 0;
			shellPath = /bin/sh;
			shellScript = "NODEJS_PATH=/usr/local/bin; NVM_NODE_PATH=~/.nvm/versions/node/`nvm version 2>/dev/null`/bin; N_NODE_PATH=`find /usr/local/n/versions/node/* -maxdepth 0 -type d 2>/dev/null | tail -1`/bin; XCODE_NODE_PATH=`xcode-select --print-path`/usr/share/xcs/Node/bin; PATH=$NODEJS_PATH:$NVM_NODE_PATH:$N_NODE_PATH:$XCODE_NODE_PATH:$PATH && node cordova/lib/copy-www-build-step.js";
			showEnvVarsInLog = 0;
		};
/* End PBXShellScriptBuildPhase section */

/* Begin PBXSourcesBuildPhase section */
		1D60588E0D05DD3D006BFB54 /* Sources */ = {
			isa = PBXSourcesBuildPhase;
			buildActionMask = 2147483647;
			files = (
				1D60589B0D05DD56006BFB54 /* main.m in Sources */,
				1D3623260D0F684500981E51 /* AppDelegate.m in Sources */,
				302D95F114D2391D003F00A1 /* MainViewController.m in Sources */,
				12FC43281E914EADA34DF81A /* CDVBattery.m in Sources */,
				40B9BB55605F426CA3D236F2 /* UIImage+CropScaleOrientation.m in Sources */,
				5BB3AAF7EEFD4D59AB183212 /* CDVCamera.m in Sources */,
				F8D8299DBF2740A6A320A94C /* CDVJpegHeaderWriter.m in Sources */,
				93E126BC84DD474995B7F489 /* CDVLogger.m in Sources */,
				22EBB73FD9DA4846BF5AAAE2 /* CDVContacts.m in Sources */,
				490D741924924B52B019FDCF /* CDVContact.m in Sources */,
				869C39086B1349919AD0B1BC /* CDVDevice.m in Sources */,
				B3DB1BF1BDC44C71B8367A23 /* CDVAccelerometer.m in Sources */,
				7F9E0BCD821643168708F7A1 /* CDVCompass.m in Sources */,
				2701ABADECF34223BE9CF28C /* CDVNotification.m in Sources */,
				EEB23445C50446EC8EFE210A /* CDVFile.m in Sources */,
				E3B8ED53A70F490B9C163542 /* CDVLocalFilesystem.m in Sources */,
				406BE7E1ED564509B02E637E /* CDVAssetLibraryFilesystem.m in Sources */,
				6130AF7ECFFF48169548BAB0 /* CDVFileTransfer.m in Sources */,
				80B684751C6B4D82A616A273 /* CDVLocation.m in Sources */,
				FE1640B55F204B9D97E302C0 /* CDVGlobalization.m in Sources */,
				D6BAA751A8E94E6EBECA8B72 /* CDVInAppBrowser.m in Sources */,
				ABF54F7F72C04D05A17F7B7F /* CDVSound.m in Sources */,
				8A2C734300664D5395CA567E /* CDVCapture.m in Sources */,
				3ECC458FAB4A461DAC29959D /* CDVConnection.m in Sources */,
				335A20FA6BDF4CDFA9813D3E /* CDVReachability.m in Sources */,
				BAFDA82AA2C14610977389EF /* CDVSplashScreen.m in Sources */,
				C20D65F17FB045949898C2F0 /* CDVViewController+SplashScreen.m in Sources */,
				8401D6DCB0CB411F89514266 /* CDVStatusBar.m in Sources */,
				9FAE3DE2B3514C32BECEC89B /* CDVVibration.m in Sources */,
			);
			runOnlyForDeploymentPostprocessing = 0;
		};
/* End PBXSourcesBuildPhase section */

/* Begin PBXTargetDependency section */
		301BF551109A68C00062928A /* PBXTargetDependency */ = {
			isa = PBXTargetDependency;
			name = CordovaLib;
			targetProxy = 301BF550109A68C00062928A /* PBXContainerItemProxy */;
		};
/* End PBXTargetDependency section */

/* Begin XCBuildConfiguration section */
		1D6058940D05DD3E006BFB54 /* Debug */ = {
			isa = XCBuildConfiguration;
			baseConfigurationReference = 3047A50F1AB8059700498E2A /* build-debug.xcconfig */;
			buildSettings = {
				ALWAYS_SEARCH_USER_PATHS = NO;
				ASSETCATALOG_COMPILER_APPICON_NAME = AppIcon;
				ASSETCATALOG_COMPILER_LAUNCHIMAGE_NAME = LaunchImage;
				CLANG_ENABLE_MODULES = YES;
				CLANG_ENABLE_OBJC_ARC = YES;
				COPY_PHASE_STRIP = NO;
				GCC_DYNAMIC_NO_PIC = NO;
				GCC_OPTIMIZATION_LEVEL = 0;
				GCC_PRECOMPILE_PREFIX_HEADER = YES;
				GCC_PREFIX_HEADER = "PMWeb By Ultimate/PMWeb By Ultimate-Prefix.pch";
				GCC_THUMB_SUPPORT = NO;
				GCC_VERSION = "";
				INFOPLIST_FILE = "PMWeb By Ultimate/PMWeb By Ultimate-Info.plist";
				IPHONEOS_DEPLOYMENT_TARGET = 8.0;
				LD_RUNPATH_SEARCH_PATHS = "@executable_path/Frameworks";
				TARGETED_DEVICE_FAMILY = "1,2";
				PRODUCT_NAME = "PMWeb By Ultimate";
			};
			name = Debug;
		};
		1D6058950D05DD3E006BFB54 /* Release */ = {
			isa = XCBuildConfiguration;
			baseConfigurationReference = 3047A5101AB8059700498E2A /* build-release.xcconfig */;
			buildSettings = {
				ALWAYS_SEARCH_USER_PATHS = NO;
				ASSETCATALOG_COMPILER_APPICON_NAME = AppIcon;
				ASSETCATALOG_COMPILER_LAUNCHIMAGE_NAME = LaunchImage;
				CLANG_ENABLE_MODULES = YES;
				CLANG_ENABLE_OBJC_ARC = YES;
				COPY_PHASE_STRIP = YES;
				GCC_PRECOMPILE_PREFIX_HEADER = YES;
				GCC_PREFIX_HEADER = "PMWeb By Ultimate/PMWeb By Ultimate-Prefix.pch";
				GCC_THUMB_SUPPORT = NO;
				GCC_VERSION = "";
				INFOPLIST_FILE = "PMWeb By Ultimate/PMWeb By Ultimate-Info.plist";
				IPHONEOS_DEPLOYMENT_TARGET = 8.0;
				LD_RUNPATH_SEARCH_PATHS = "@executable_path/Frameworks";
				TARGETED_DEVICE_FAMILY = "1,2";
				PRODUCT_NAME = "PMWeb By Ultimate";
			};
			name = Release;
		};
		C01FCF4F08A954540054247B /* Debug */ = {
			isa = XCBuildConfiguration;
			baseConfigurationReference = 3047A5111AB8059700498E2A /* build.xcconfig */;
			buildSettings = {
				CLANG_ENABLE_MODULES = YES;
				CLANG_ENABLE_OBJC_ARC = YES;
				CLANG_WARN_BOOL_CONVERSION = YES;
				CLANG_WARN_CONSTANT_CONVERSION = YES;
				CLANG_WARN_EMPTY_BODY = YES;
				CLANG_WARN_ENUM_CONVERSION = YES;
				CLANG_WARN_INT_CONVERSION = YES;
				CLANG_WARN__DUPLICATE_METHOD_MATCH = YES;
				GCC_C_LANGUAGE_STANDARD = c99;
				GCC_THUMB_SUPPORT = NO;
				GCC_VERSION = "";
				GCC_WARN_ABOUT_RETURN_TYPE = YES;
				GCC_WARN_UNDECLARED_SELECTOR = YES;
				GCC_WARN_UNINITIALIZED_AUTOS = YES;
				GCC_WARN_UNUSED_FUNCTION = YES;
				GCC_WARN_UNUSED_VARIABLE = YES;
				ONLY_ACTIVE_ARCH = YES;
				SDKROOT = iphoneos;
				SKIP_INSTALL = NO;
				ASSETCATALOG_COMPILER_LAUNCHIMAGE_NAME = LaunchImage;
			};
			name = Debug;
		};
		C01FCF5008A954540054247B /* Release */ = {
			isa = XCBuildConfiguration;
			baseConfigurationReference = 3047A5111AB8059700498E2A /* build.xcconfig */;
			buildSettings = {
				CLANG_ENABLE_MODULES = YES;
				CLANG_ENABLE_OBJC_ARC = YES;
				CLANG_WARN_BOOL_CONVERSION = YES;
				CLANG_WARN_CONSTANT_CONVERSION = YES;
				CLANG_WARN_EMPTY_BODY = YES;
				CLANG_WARN_ENUM_CONVERSION = YES;
				CLANG_WARN_INT_CONVERSION = YES;
				CLANG_WARN__DUPLICATE_METHOD_MATCH = YES;
				GCC_C_LANGUAGE_STANDARD = c99;
				GCC_THUMB_SUPPORT = NO;
				GCC_VERSION = "";
				GCC_WARN_ABOUT_RETURN_TYPE = YES;
				GCC_WARN_UNDECLARED_SELECTOR = YES;
				GCC_WARN_UNINITIALIZED_AUTOS = YES;
				GCC_WARN_UNUSED_FUNCTION = YES;
				GCC_WARN_UNUSED_VARIABLE = YES;
				SDKROOT = iphoneos;
				SKIP_INSTALL = NO;
				ASSETCATALOG_COMPILER_LAUNCHIMAGE_NAME = LaunchImage;
			};
			name = Release;
		};
/* End XCBuildConfiguration section */

/* Begin XCConfigurationList section */
		1D6058960D05DD3E006BFB54 /* Build configuration list for PBXNativeTarget "PMWeb By Ultimate" */ = {
			isa = XCConfigurationList;
			buildConfigurations = (
				1D6058940D05DD3E006BFB54 /* Debug */,
				1D6058950D05DD3E006BFB54 /* Release */,
			);
			defaultConfigurationIsVisible = 0;
			defaultConfigurationName = Release;
		};
		C01FCF4E08A954540054247B /* Build configuration list for PBXProject "__NON-CLI__" */ = {
			isa = XCConfigurationList;
			buildConfigurations = (
				C01FCF4F08A954540054247B /* Debug */,
				C01FCF5008A954540054247B /* Release */,
			);
			defaultConfigurationIsVisible = 0;
			defaultConfigurationName = Release;
		};
/* End XCConfigurationList section */
	};
	rootObject = 29B97313FDCFA39411CA2CEA /* Project object */;
}
